
Microsoft Visual Studio Solution File, Format Version 12.00
# Visual Studio Version 16
VisualStudioVersion = 16.0.29911.84
MinimumVisualStudioVersion = 10.0.40219.1
Project("{FAE04EC0-301F-11D3-BF4B-00C04F79EFBC}") = "Test2", "Test2.csproj", "{B3F335F2-FB8A-4CC6-A175-9B525D9060E0}"
EndProject
Global
	GlobalSection(SolutionConfigurationPlatforms) = preSolution
		Debug|Any CPU = Debug|Any CPU
		Release|Any CPU = Release|Any CPU
	EndGlobalSection
	GlobalSection(ProjectConfigurationPlatforms) = postSolution
		{B3F335F2-FB8A-4CC6-A175-9B525D9060E0}.Debug|Any CPU.ActiveCfg = Debug|Any CPU
		{B3F335F2-FB8A-4CC6-A175-9B525D9060E0}.Debug|Any CPU.Build.0 = Debug|Any CPU
		{B3F335F2-FB8A-4CC6-A175-9B525D9060E0}.Release|Any CPU.ActiveCfg = Release|Any CPU
		{B3F335F2-FB8A-4CC6-A175-9B525D9060E0}.Release|Any CPU.Build.0 = Release|Any CPU
	EndGlobalSection
	GlobalSection(SolutionProperties) = preSolution
		HideSolutionNode = FALSE
	EndGlobalSection
	GlobalSection(ExtensibilityGlobals) = postSolution
		SolutionGuid = {D173B76F-6726-4514-B68A-D65FE510026B}
	EndGlobalSection
EndGlobal
